
Microsoft Visual Studio Solution File, Format Version 12.00
# Visual Studio Version 17
VisualStudioVersion = 17.11.35312.102
MinimumVisualStudioVersion = 10.0.40219.1
Project("{FAE04EC0-301F-11D3-BF4B-00C04F79EFBC}") = "test39", "test39\test39.csproj", "{7223ACA0-4B27-4A2E-97B4-B7B37E8FD0F3}"
EndProject
Global
	GlobalSection(SolutionConfigurationPlatforms) = preSolution
		Debug|Any CPU = Debug|Any CPU
		Release|Any CPU = Release|Any CPU
	EndGlobalSection
	GlobalSection(ProjectConfigurationPlatforms) = postSolution
		{7223ACA0-4B27-4A2E-97B4-B7B37E8FD0F3}.Debug|Any CPU.ActiveCfg = Debug|Any CPU
		{7223ACA0-4B27-4A2E-97B4-B7B37E8FD0F3}.Debug|Any CPU.Build.0 = Debug|Any CPU
		{7223ACA0-4B27-4A2E-97B4-B7B37E8FD0F3}.Release|Any CPU.ActiveCfg = Release|Any CPU
		{7223ACA0-4B27-4A2E-97B4-B7B37E8FD0F3}.Release|Any CPU.Build.0 = Release|Any CPU
	EndGlobalSection
	GlobalSection(SolutionProperties) = preSolution
		HideSolutionNode = FALSE
	EndGlobalSection
	GlobalSection(ExtensibilityGlobals) = postSolution
		SolutionGuid = {E87C421F-D0AD-4108-AD48-09534A31861B}
	EndGlobalSection
EndGlobal
